
Microsoft Visual Studio Solution File, Format Version 12.00
# Visual Studio Version 16
VisualStudioVersion = 16.0.29503.13
MinimumVisualStudioVersion = 10.0.40219.1
Project("{9A19103F-16F7-4668-BE54-9A1E7A4F7556}") = "ESC-POS-USB-NET", "ESC-POS-USB-NET\ESC-POS-USB-NET.csproj", "{E6C5E561-EDE6-4CDA-9010-4AC27E19B01F}"
EndProject
Project("{FAE04EC0-301F-11D3-BF4B-00C04F79EFBC}") = "ESC-POS-USB-NET-DEMO", "ESC-POS-USB-NET-DEMO\ESC-POS-USB-NET-DEMO.csproj", "{3AD992C1-0D75-40DB-A9B6-6347F44805AA}"
EndProject
Global
	GlobalSection(SolutionConfigurationPlatforms) = preSolution
		Debug|Any CPU = Debug|Any CPU
		Release|Any CPU = Release|Any CPU
	EndGlobalSection
	GlobalSection(ProjectConfigurationPlatforms) = postSolution
		{E6C5E561-EDE6-4CDA-9010-4AC27E19B01F}.Debug|Any CPU.ActiveCfg = Debug|Any CPU
		{E6C5E561-EDE6-4CDA-9010-4AC27E19B01F}.Debug|Any CPU.Build.0 = Debug|Any CPU
		{E6C5E561-EDE6-4CDA-9010-4AC27E19B01F}.Release|Any CPU.ActiveCfg = Release|Any CPU
		{E6C5E561-EDE6-4CDA-9010-4AC27E19B01F}.Release|Any CPU.Build.0 = Release|Any CPU
		{3AD992C1-0D75-40DB-A9B6-6347F44805AA}.Debug|Any CPU.ActiveCfg = Debug|Any CPU
		{3AD992C1-0D75-40DB-A9B6-6347F44805AA}.Debug|Any CPU.Build.0 = Debug|Any CPU
		{3AD992C1-0D75-40DB-A9B6-6347F44805AA}.Release|Any CPU.ActiveCfg = Release|Any CPU
		{3AD992C1-0D75-40DB-A9B6-6347F44805AA}.Release|Any CPU.Build.0 = Release|Any CPU
	EndGlobalSection
	GlobalSection(SolutionProperties) = preSolution
		HideSolutionNode = FALSE
	EndGlobalSection
	GlobalSection(ExtensibilityGlobals) = postSolution
		SolutionGuid = {9E05F05C-A5D0-4D75-919B-87C4EA9C5B7A}
	EndGlobalSection
EndGlobal
